PODS:
  - Alamofire (3.3.1)
  - AlamofireImage (2.4.0):
    - Alamofire (~> 3.3)
  - HysteriaPlayer (2.1.6)
  - ObjectMapper (1.2.0)
  - SwiftPlayer (0.2.0):
    - HysteriaPlayer (~> 2.1)

DEPENDENCIES:
  - AlamofireImage (~> 2.3)
  - ObjectMapper (~> 1.1)
  - SwiftPlayer (from `../`)

EXTERNAL SOURCES:
  SwiftPlayer:
    :path: ../

SPEC CHECKSUMS:
  Alamofire: 369bc67b6f5ac33ded3648d7bd21c5bfb91c2ecc
  AlamofireImage: 87408b652e0f5ae5fe364035f15aea8b9b24c77e
  HysteriaPlayer: 8c72e5e608c4d39c9438bbfbafb2ba09bec669e5
  ObjectMapper: b1e9c7c8a9f6400b72690c80072c131504caa66f
  SwiftPlayer: 2084d75c02fe8e26bd218858d58bee8b95a3a527

COCOAPODS: 0.39.0
