PODS:
  - Alamofire (3.3.1)
  - AlamofireImage (2.4.0):
    - Alamofire (~> 3.3)
  - HysteriaPlayer (2.1.8)
  - ObjectMapper (1.2.0)
  - SwiftPlayer (0.3.1):
    - HysteriaPlayer (~> 2.1)

DEPENDENCIES:
  - AlamofireImage (~> 2.3)
  - ObjectMapper (~> 1.1)
  - SwiftPlayer (from `../`)

EXTERNAL SOURCES:
  SwiftPlayer:
    :path: ../

SPEC CHECKSUMS:
  Alamofire: 369bc67b6f5ac33ded3648d7bd21c5bfb91c2ecc
  AlamofireImage: 87408b652e0f5ae5fe364035f15aea8b9b24c77e
  HysteriaPlayer: a7e1c74e2f41bc605ae974217f34c0af4b640a8a
  ObjectMapper: b1e9c7c8a9f6400b72690c80072c131504caa66f
  SwiftPlayer: 7f6c38c33b1a1a19fb8be9a71e2239da4dacaad2

COCOAPODS: 0.39.0
